
Microsoft Visual Studio Solution File, Format Version 12.00
# Visual Studio Version 17
VisualStudioVersion = 17.0.32014.148
MinimumVisualStudioVersion = 10.0.40219.1
Project("{8BC9CEB8-8B4A-11D0-8D11-00A0C91BC942}") = "right_hand_rule", "maze\maze.vcxproj", "{33C55BF7-041A-4FFF-8B87-2D9C682F5D8E}"
EndProject
Global
	GlobalSection(SolutionConfigurationPlatforms) = preSolution
		Debug|x64 = Debug|x64
		Debug|x86 = Debug|x86
		Release|x64 = Release|x64
		Release|x86 = Release|x86
	EndGlobalSection
	GlobalSection(ProjectConfigurationPlatforms) = postSolution
		{33C55BF7-041A-4FFF-8B87-2D9C682F5D8E}.Debug|x64.ActiveCfg = Debug|x64
		{33C55BF7-041A-4FFF-8B87-2D9C682F5D8E}.Debug|x64.Build.0 = Debug|x64
		{33C55BF7-041A-4FFF-8B87-2D9C682F5D8E}.Debug|x86.ActiveCfg = Debug|Win32
		{33C55BF7-041A-4FFF-8B87-2D9C682F5D8E}.Debug|x86.Build.0 = Debug|Win32
		{33C55BF7-041A-4FFF-8B87-2D9C682F5D8E}.Release|x64.ActiveCfg = Release|x64
		{33C55BF7-041A-4FFF-8B87-2D9C682F5D8E}.Release|x64.Build.0 = Release|x64
		{33C55BF7-041A-4FFF-8B87-2D9C682F5D8E}.Release|x86.ActiveCfg = Release|Win32
		{33C55BF7-041A-4FFF-8B87-2D9C682F5D8E}.Release|x86.Build.0 = Release|Win32
	EndGlobalSection
	GlobalSection(SolutionProperties) = preSolution
		HideSolutionNode = FALSE
	EndGlobalSection
	GlobalSection(ExtensibilityGlobals) = postSolution
		SolutionGuid = {C3A4AA2F-2337-4529-8398-BE097D5B4F51}
	EndGlobalSection
EndGlobal
